
Microsoft Visual Studio Solution File, Format Version 12.00
# Visual Studio 15
VisualStudioVersion = 15.0.27617.1
MinimumVisualStudioVersion = 10.0.40219.1
Project("{FAE04EC0-301F-11D3-BF4B-00C04F79EFBC}") = "BlazorApp1", "BlazorApp1\BlazorApp1.csproj", "{6AEED384-FEE2-4C39-82E0-7B93C61DBD29}"
EndProject
Global
	GlobalSection(SolutionConfigurationPlatforms) = preSolution
		Debug|Any CPU = Debug|Any CPU
		Release|Any CPU = Release|Any CPU
	EndGlobalSection
	GlobalSection(ProjectConfigurationPlatforms) = postSolution
		{6AEED384-FEE2-4C39-82E0-7B93C61DBD29}.Debug|Any CPU.ActiveCfg = Debug|Any CPU
		{6AEED384-FEE2-4C39-82E0-7B93C61DBD29}.Debug|Any CPU.Build.0 = Debug|Any CPU
		{6AEED384-FEE2-4C39-82E0-7B93C61DBD29}.Release|Any CPU.ActiveCfg = Release|Any CPU
		{6AEED384-FEE2-4C39-82E0-7B93C61DBD29}.Release|Any CPU.Build.0 = Release|Any CPU
	EndGlobalSection
	GlobalSection(SolutionProperties) = preSolution
		HideSolutionNode = FALSE
	EndGlobalSection
	GlobalSection(ExtensibilityGlobals) = postSolution
		SolutionGuid = {C86EAA19-C46A-4012-9474-6D1909E8F880}
	EndGlobalSection
EndGlobal
